
Microsoft Visual Studio Solution File, Format Version 12.00
# Visual Studio 15
VisualStudioVersion = 15.0.27130.2027
MinimumVisualStudioVersion = 10.0.40219.1
Project("{9A19103F-16F7-4668-BE54-9A1E7A4F7556}") = "authenticationMvc", "authenticationMvc\authenticationMvc.csproj", "{88B60FA9-6F2F-49B0-95C0-04EADC01CD82}"
EndProject
Project("{9A19103F-16F7-4668-BE54-9A1E7A4F7556}") = "authenticationWebApi", "authenticationWebApi\authenticationWebApi.csproj", "{7C6FD88B-0D01-4309-9B55-72572CFE2909}"
EndProject
Project("{9A19103F-16F7-4668-BE54-9A1E7A4F7556}") = "IdentitySample", "IdentitySample\IdentitySample.csproj", "{34C6DEB3-36AC-4259-BE6D-54EBD570A037}"
EndProject
Project("{FAE04EC0-301F-11D3-BF4B-00C04F79EFBC}") = "IdentityServerCenter", "IdentityServerCenter\IdentityServerCenter.csproj", "{955FA8F3-2C04-4DAB-8ADD-BC2936FDFEB5}"
EndProject
Project("{FAE04EC0-301F-11D3-BF4B-00C04F79EFBC}") = "ClientCredentialApi", "ClientCredentialApi\ClientCredentialApi.csproj", "{5CEC3D27-2810-40AF-B7D0-6314E0265647}"
EndProject
Project("{FAE04EC0-301F-11D3-BF4B-00C04F79EFBC}") = "ThirdPartyDemo", "ThirdPartyDemo\ThirdPartyDemo.csproj", "{C6C675D2-98B1-4C5F-8C2B-748F0FA6FC0C}"
EndProject
Global
	GlobalSection(SolutionConfigurationPlatforms) = preSolution
		Debug|Any CPU = Debug|Any CPU
		Release|Any CPU = Release|Any CPU
	EndGlobalSection
	GlobalSection(ProjectConfigurationPlatforms) = postSolution
		{88B60FA9-6F2F-49B0-95C0-04EADC01CD82}.Debug|Any CPU.ActiveCfg = Debug|Any CPU
		{88B60FA9-6F2F-49B0-95C0-04EADC01CD82}.Debug|Any CPU.Build.0 = Debug|Any CPU
		{88B60FA9-6F2F-49B0-95C0-04EADC01CD82}.Release|Any CPU.ActiveCfg = Release|Any CPU
		{88B60FA9-6F2F-49B0-95C0-04EADC01CD82}.Release|Any CPU.Build.0 = Release|Any CPU
		{7C6FD88B-0D01-4309-9B55-72572CFE2909}.Debug|Any CPU.ActiveCfg = Debug|Any CPU
		{7C6FD88B-0D01-4309-9B55-72572CFE2909}.Debug|Any CPU.Build.0 = Debug|Any CPU
		{7C6FD88B-0D01-4309-9B55-72572CFE2909}.Release|Any CPU.ActiveCfg = Release|Any CPU
		{7C6FD88B-0D01-4309-9B55-72572CFE2909}.Release|Any CPU.Build.0 = Release|Any CPU
		{34C6DEB3-36AC-4259-BE6D-54EBD570A037}.Debug|Any CPU.ActiveCfg = Debug|Any CPU
		{34C6DEB3-36AC-4259-BE6D-54EBD570A037}.Debug|Any CPU.Build.0 = Debug|Any CPU
		{34C6DEB3-36AC-4259-BE6D-54EBD570A037}.Release|Any CPU.ActiveCfg = Release|Any CPU
		{34C6DEB3-36AC-4259-BE6D-54EBD570A037}.Release|Any CPU.Build.0 = Release|Any CPU
		{955FA8F3-2C04-4DAB-8ADD-BC2936FDFEB5}.Debug|Any CPU.ActiveCfg = Debug|Any CPU
		{955FA8F3-2C04-4DAB-8ADD-BC2936FDFEB5}.Debug|Any CPU.Build.0 = Debug|Any CPU
		{955FA8F3-2C04-4DAB-8ADD-BC2936FDFEB5}.Release|Any CPU.ActiveCfg = Release|Any CPU
		{955FA8F3-2C04-4DAB-8ADD-BC2936FDFEB5}.Release|Any CPU.Build.0 = Release|Any CPU
		{5CEC3D27-2810-40AF-B7D0-6314E0265647}.Debug|Any CPU.ActiveCfg = Debug|Any CPU
		{5CEC3D27-2810-40AF-B7D0-6314E0265647}.Debug|Any CPU.Build.0 = Debug|Any CPU
		{5CEC3D27-2810-40AF-B7D0-6314E0265647}.Release|Any CPU.ActiveCfg = Release|Any CPU
		{5CEC3D27-2810-40AF-B7D0-6314E0265647}.Release|Any CPU.Build.0 = Release|Any CPU
		{C6C675D2-98B1-4C5F-8C2B-748F0FA6FC0C}.Debug|Any CPU.ActiveCfg = Debug|Any CPU
		{C6C675D2-98B1-4C5F-8C2B-748F0FA6FC0C}.Debug|Any CPU.Build.0 = Debug|Any CPU
		{C6C675D2-98B1-4C5F-8C2B-748F0FA6FC0C}.Release|Any CPU.ActiveCfg = Release|Any CPU
		{C6C675D2-98B1-4C5F-8C2B-748F0FA6FC0C}.Release|Any CPU.Build.0 = Release|Any CPU
	EndGlobalSection
	GlobalSection(SolutionProperties) = preSolution
		HideSolutionNode = FALSE
	EndGlobalSection
	GlobalSection(ExtensibilityGlobals) = postSolution
		SolutionGuid = {945EE984-6D03-49BD-8347-83B870F60438}
	EndGlobalSection
EndGlobal
